
Microsoft Visual Studio Solution File, Format Version 12.00
# Visual Studio Version 16
VisualStudioVersion = 16.0.30011.22
MinimumVisualStudioVersion = 10.0.40219.1
Project("{FAE04EC0-301F-11D3-BF4B-00C04F79EFBC}") = "NineTask", "NineTask\NineTask.csproj", "{646CC184-087C-4A8E-BF9E-FE04F6DAFC56}"
EndProject
Global
	GlobalSection(SolutionConfigurationPlatforms) = preSolution
		Debug|Any CPU = Debug|Any CPU
		Release|Any CPU = Release|Any CPU
	EndGlobalSection
	GlobalSection(ProjectConfigurationPlatforms) = postSolution
		{646CC184-087C-4A8E-BF9E-FE04F6DAFC56}.Debug|Any CPU.ActiveCfg = Debug|Any CPU
		{646CC184-087C-4A8E-BF9E-FE04F6DAFC56}.Debug|Any CPU.Build.0 = Debug|Any CPU
		{646CC184-087C-4A8E-BF9E-FE04F6DAFC56}.Release|Any CPU.ActiveCfg = Release|Any CPU
		{646CC184-087C-4A8E-BF9E-FE04F6DAFC56}.Release|Any CPU.Build.0 = Release|Any CPU
	EndGlobalSection
	GlobalSection(SolutionProperties) = preSolution
		HideSolutionNode = FALSE
	EndGlobalSection
	GlobalSection(ExtensibilityGlobals) = postSolution
		SolutionGuid = {7B7AD01C-6CC1-4B5F-A4E5-5F2BFC664E39}
	EndGlobalSection
EndGlobal
